
Microsoft Visual Studio Solution File, Format Version 12.00
# Visual Studio Version 17
VisualStudioVersion = 17.4.33205.214
MinimumVisualStudioVersion = 10.0.40219.1
Project("{FAE04EC0-301F-11D3-BF4B-00C04F79EFBC}") = "Producer", "Producer\Producer.csproj", "{F1B8B1E4-0EDC-4BB0-8078-4848D58412AA}"
EndProject
Project("{FAE04EC0-301F-11D3-BF4B-00C04F79EFBC}") = "Consumer", "Consumer\Consumer.csproj", "{C6EA674D-8D6E-4E59-9307-8FD5B897EA8B}"
EndProject
Global
	GlobalSection(SolutionConfigurationPlatforms) = preSolution
		Debug|Any CPU = Debug|Any CPU
		Release|Any CPU = Release|Any CPU
	EndGlobalSection
	GlobalSection(ProjectConfigurationPlatforms) = postSolution
		{F1B8B1E4-0EDC-4BB0-8078-4848D58412AA}.Debug|Any CPU.ActiveCfg = Debug|Any CPU
		{F1B8B1E4-0EDC-4BB0-8078-4848D58412AA}.Debug|Any CPU.Build.0 = Debug|Any CPU
		{F1B8B1E4-0EDC-4BB0-8078-4848D58412AA}.Release|Any CPU.ActiveCfg = Release|Any CPU
		{F1B8B1E4-0EDC-4BB0-8078-4848D58412AA}.Release|Any CPU.Build.0 = Release|Any CPU
		{C6EA674D-8D6E-4E59-9307-8FD5B897EA8B}.Debug|Any CPU.ActiveCfg = Debug|Any CPU
		{C6EA674D-8D6E-4E59-9307-8FD5B897EA8B}.Debug|Any CPU.Build.0 = Debug|Any CPU
		{C6EA674D-8D6E-4E59-9307-8FD5B897EA8B}.Release|Any CPU.ActiveCfg = Release|Any CPU
		{C6EA674D-8D6E-4E59-9307-8FD5B897EA8B}.Release|Any CPU.Build.0 = Release|Any CPU
	EndGlobalSection
	GlobalSection(SolutionProperties) = preSolution
		HideSolutionNode = FALSE
	EndGlobalSection
	GlobalSection(ExtensibilityGlobals) = postSolution
		SolutionGuid = {D58DAA78-5697-43EE-BF66-89DFA5054199}
	EndGlobalSection
EndGlobal
