
Microsoft Visual Studio Solution File, Format Version 12.00
# Visual Studio Version 17
VisualStudioVersion = 17.4.33205.214
MinimumVisualStudioVersion = 10.0.40219.1
Project("{2150E333-8FDC-42A3-9474-1A3956D46DE8}") = "Domain", "Domain", "{009F3606-C0F6-4E0B-B130-5D04A43CAAF4}"
EndProject
Project("{2150E333-8FDC-42A3-9474-1A3956D46DE8}") = "Infra.Bus", "Infra.Bus", "{14294624-76CC-4A97-A16E-0143A1100724}"
EndProject
Project("{2150E333-8FDC-42A3-9474-1A3956D46DE8}") = "Infra.IoC", "Infra.IoC", "{C3026353-EDF0-42B4-9516-74BA904D9C55}"
EndProject
Project("{2150E333-8FDC-42A3-9474-1A3956D46DE8}") = "Microservices", "Microservices", "{F8A887B0-61DB-46C3-950D-59D6ED8B8848}"
EndProject
Project("{2150E333-8FDC-42A3-9474-1A3956D46DE8}") = "Presentation", "Presentation", "{88ABCEFD-D408-462E-BCA8-B7B9A0A0D5C2}"
EndProject
Project("{9A19103F-16F7-4668-BE54-9A1E7A4F7556}") = "MicroRabbit.Domain.Core", "MicroRabbit.Domain.Core\MicroRabbit.Domain.Core.csproj", "{E4AFF166-F84D-4899-B6C3-A197A80C10C7}"
EndProject
Project("{9A19103F-16F7-4668-BE54-9A1E7A4F7556}") = "MicroRabbit.Infra.Bus", "MicroRabbit.Infra.Bus\MicroRabbit.Infra.Bus.csproj", "{4C5DA081-2875-4B69-AEF5-16C5A0705197}"
EndProject
Project("{9A19103F-16F7-4668-BE54-9A1E7A4F7556}") = "MicroRabbit.Infra.IoC", "MicroRabbit.Infra.IoC\MicroRabbit.Infra.IoC.csproj", "{B6222FBB-4D18-41A8-8739-81A5F458B6CD}"
EndProject
Project("{2150E333-8FDC-42A3-9474-1A3956D46DE8}") = "Banking", "Banking", "{945626C6-BD3E-491E-8A5F-553A1A13CAD2}"
EndProject
Project("{2150E333-8FDC-42A3-9474-1A3956D46DE8}") = "Api", "Api", "{9B2BB2E3-602A-4A98-90F0-D3427994313D}"
EndProject
Project("{2150E333-8FDC-42A3-9474-1A3956D46DE8}") = "Application", "Application", "{C672099B-5E0C-4129-9D36-C261A4CC97B1}"
EndProject
Project("{2150E333-8FDC-42A3-9474-1A3956D46DE8}") = "Data", "Data", "{3F9168A7-548F-4B4A-BA2D-17376FAD6F48}"
EndProject
Project("{2150E333-8FDC-42A3-9474-1A3956D46DE8}") = "Domain", "Domain", "{706C4BA1-CD82-4AA5-8FD7-DE963327CF34}"
EndProject
Project("{9A19103F-16F7-4668-BE54-9A1E7A4F7556}") = "MicroRabbit.Banking.Api", "MicroRabbit.Banking.Api\MicroRabbit.Banking.Api.csproj", "{C012758A-1B8A-4152-83FF-F9B086EE858E}"
EndProject
Project("{9A19103F-16F7-4668-BE54-9A1E7A4F7556}") = "MicroRabbit.Banking.Application", "MicroRabbit.Banking.Application\MicroRabbit.Banking.Application.csproj", "{4BCA2EB6-2552-4FDF-96D0-3FEE6B454B50}"
EndProject
Project("{9A19103F-16F7-4668-BE54-9A1E7A4F7556}") = "MicroRabbit.Banking.Data", "MicroRabbit.Banking.Data\MicroRabbit.Banking.Data.csproj", "{BA268A1C-A9B3-4C23-B8B6-D87E973A915D}"
EndProject
Project("{9A19103F-16F7-4668-BE54-9A1E7A4F7556}") = "MicroRabbit.Banking.Domain", "MicroRabbit.Banking.Domain\MicroRabbit.Banking.Domain.csproj", "{77D76B36-2B84-4EDD-8F88-2DFE22BB72CF}"
EndProject
Project("{2150E333-8FDC-42A3-9474-1A3956D46DE8}") = "Transfer", "Transfer", "{FFE78071-F406-47DA-96F5-58B93FFA878E}"
EndProject
Project("{2150E333-8FDC-42A3-9474-1A3956D46DE8}") = "Api", "Api", "{5E31C3E7-E8A6-44BE-A22C-5D428C8EF751}"
EndProject
Project("{2150E333-8FDC-42A3-9474-1A3956D46DE8}") = "Application", "Application", "{6D7329FF-BC4B-4087-B7A7-FA4679F2E806}"
EndProject
Project("{2150E333-8FDC-42A3-9474-1A3956D46DE8}") = "Data", "Data", "{BA51D0C4-E2D0-4622-A010-CAC5FED9B3D9}"
EndProject
Project("{2150E333-8FDC-42A3-9474-1A3956D46DE8}") = "Domain", "Domain", "{1A508C6E-E340-45C5-BE6C-89B361E00DC1}"
EndProject
Project("{FAE04EC0-301F-11D3-BF4B-00C04F79EFBC}") = "MicroRabbit.Transfer.Api", "MicroRabbit.Transfer.Api\MicroRabbit.Transfer.Api.csproj", "{6A1EF0CF-B205-4892-AB44-96962C4D1D79}"
EndProject
Project("{FAE04EC0-301F-11D3-BF4B-00C04F79EFBC}") = "MicroRabbit.Transfer.Application", "MicroRabbit.Transfer.Application\MicroRabbit.Transfer.Application.csproj", "{ABCCEC8D-0B3E-4558-8CA9-75A050FE0414}"
EndProject
Project("{FAE04EC0-301F-11D3-BF4B-00C04F79EFBC}") = "MicroRabbit.Transfer.Data", "MicroRabbit.Transfer.Data\MicroRabbit.Transfer.Data.csproj", "{2D03F622-2A14-4FEB-9424-846B50429E48}"
EndProject
Project("{FAE04EC0-301F-11D3-BF4B-00C04F79EFBC}") = "MicroRabbit.Transfer.Domain", "MicroRabbit.Transfer.Domain\MicroRabbit.Transfer.Domain.csproj", "{DAE10C81-4984-476D-9607-74E8F9A3F041}"
EndProject
Global
	GlobalSection(SolutionConfigurationPlatforms) = preSolution
		Debug|Any CPU = Debug|Any CPU
		Release|Any CPU = Release|Any CPU
	EndGlobalSection
	GlobalSection(ProjectConfigurationPlatforms) = postSolution
		{E4AFF166-F84D-4899-B6C3-A197A80C10C7}.Debug|Any CPU.ActiveCfg = Debug|Any CPU
		{E4AFF166-F84D-4899-B6C3-A197A80C10C7}.Debug|Any CPU.Build.0 = Debug|Any CPU
		{E4AFF166-F84D-4899-B6C3-A197A80C10C7}.Release|Any CPU.ActiveCfg = Release|Any CPU
		{E4AFF166-F84D-4899-B6C3-A197A80C10C7}.Release|Any CPU.Build.0 = Release|Any CPU
		{4C5DA081-2875-4B69-AEF5-16C5A0705197}.Debug|Any CPU.ActiveCfg = Debug|Any CPU
		{4C5DA081-2875-4B69-AEF5-16C5A0705197}.Debug|Any CPU.Build.0 = Debug|Any CPU
		{4C5DA081-2875-4B69-AEF5-16C5A0705197}.Release|Any CPU.ActiveCfg = Release|Any CPU
		{4C5DA081-2875-4B69-AEF5-16C5A0705197}.Release|Any CPU.Build.0 = Release|Any CPU
		{B6222FBB-4D18-41A8-8739-81A5F458B6CD}.Debug|Any CPU.ActiveCfg = Debug|Any CPU
		{B6222FBB-4D18-41A8-8739-81A5F458B6CD}.Debug|Any CPU.Build.0 = Debug|Any CPU
		{B6222FBB-4D18-41A8-8739-81A5F458B6CD}.Release|Any CPU.ActiveCfg = Release|Any CPU
		{B6222FBB-4D18-41A8-8739-81A5F458B6CD}.Release|Any CPU.Build.0 = Release|Any CPU
		{C012758A-1B8A-4152-83FF-F9B086EE858E}.Debug|Any CPU.ActiveCfg = Debug|Any CPU
		{C012758A-1B8A-4152-83FF-F9B086EE858E}.Debug|Any CPU.Build.0 = Debug|Any CPU
		{C012758A-1B8A-4152-83FF-F9B086EE858E}.Release|Any CPU.ActiveCfg = Release|Any CPU
		{C012758A-1B8A-4152-83FF-F9B086EE858E}.Release|Any CPU.Build.0 = Release|Any CPU
		{4BCA2EB6-2552-4FDF-96D0-3FEE6B454B50}.Debug|Any CPU.ActiveCfg = Debug|Any CPU
		{4BCA2EB6-2552-4FDF-96D0-3FEE6B454B50}.Debug|Any CPU.Build.0 = Debug|Any CPU
		{4BCA2EB6-2552-4FDF-96D0-3FEE6B454B50}.Release|Any CPU.ActiveCfg = Release|Any CPU
		{4BCA2EB6-2552-4FDF-96D0-3FEE6B454B50}.Release|Any CPU.Build.0 = Release|Any CPU
		{BA268A1C-A9B3-4C23-B8B6-D87E973A915D}.Debug|Any CPU.ActiveCfg = Debug|Any CPU
		{BA268A1C-A9B3-4C23-B8B6-D87E973A915D}.Debug|Any CPU.Build.0 = Debug|Any CPU
		{BA268A1C-A9B3-4C23-B8B6-D87E973A915D}.Release|Any CPU.ActiveCfg = Release|Any CPU
		{BA268A1C-A9B3-4C23-B8B6-D87E973A915D}.Release|Any CPU.Build.0 = Release|Any CPU
		{77D76B36-2B84-4EDD-8F88-2DFE22BB72CF}.Debug|Any CPU.ActiveCfg = Debug|Any CPU
		{77D76B36-2B84-4EDD-8F88-2DFE22BB72CF}.Debug|Any CPU.Build.0 = Debug|Any CPU
		{77D76B36-2B84-4EDD-8F88-2DFE22BB72CF}.Release|Any CPU.ActiveCfg = Release|Any CPU
		{77D76B36-2B84-4EDD-8F88-2DFE22BB72CF}.Release|Any CPU.Build.0 = Release|Any CPU
		{6A1EF0CF-B205-4892-AB44-96962C4D1D79}.Debug|Any CPU.ActiveCfg = Debug|Any CPU
		{6A1EF0CF-B205-4892-AB44-96962C4D1D79}.Debug|Any CPU.Build.0 = Debug|Any CPU
		{6A1EF0CF-B205-4892-AB44-96962C4D1D79}.Release|Any CPU.ActiveCfg = Release|Any CPU
		{6A1EF0CF-B205-4892-AB44-96962C4D1D79}.Release|Any CPU.Build.0 = Release|Any CPU
		{ABCCEC8D-0B3E-4558-8CA9-75A050FE0414}.Debug|Any CPU.ActiveCfg = Debug|Any CPU
		{ABCCEC8D-0B3E-4558-8CA9-75A050FE0414}.Debug|Any CPU.Build.0 = Debug|Any CPU
		{ABCCEC8D-0B3E-4558-8CA9-75A050FE0414}.Release|Any CPU.ActiveCfg = Release|Any CPU
		{ABCCEC8D-0B3E-4558-8CA9-75A050FE0414}.Release|Any CPU.Build.0 = Release|Any CPU
		{2D03F622-2A14-4FEB-9424-846B50429E48}.Debug|Any CPU.ActiveCfg = Debug|Any CPU
		{2D03F622-2A14-4FEB-9424-846B50429E48}.Debug|Any CPU.Build.0 = Debug|Any CPU
		{2D03F622-2A14-4FEB-9424-846B50429E48}.Release|Any CPU.ActiveCfg = Release|Any CPU
		{2D03F622-2A14-4FEB-9424-846B50429E48}.Release|Any CPU.Build.0 = Release|Any CPU
		{DAE10C81-4984-476D-9607-74E8F9A3F041}.Debug|Any CPU.ActiveCfg = Debug|Any CPU
		{DAE10C81-4984-476D-9607-74E8F9A3F041}.Debug|Any CPU.Build.0 = Debug|Any CPU
		{DAE10C81-4984-476D-9607-74E8F9A3F041}.Release|Any CPU.ActiveCfg = Release|Any CPU
		{DAE10C81-4984-476D-9607-74E8F9A3F041}.Release|Any CPU.Build.0 = Release|Any CPU
	EndGlobalSection
	GlobalSection(SolutionProperties) = preSolution
		HideSolutionNode = FALSE
	EndGlobalSection
	GlobalSection(NestedProjects) = preSolution
		{E4AFF166-F84D-4899-B6C3-A197A80C10C7} = {009F3606-C0F6-4E0B-B130-5D04A43CAAF4}
		{4C5DA081-2875-4B69-AEF5-16C5A0705197} = {14294624-76CC-4A97-A16E-0143A1100724}
		{B6222FBB-4D18-41A8-8739-81A5F458B6CD} = {C3026353-EDF0-42B4-9516-74BA904D9C55}
		{945626C6-BD3E-491E-8A5F-553A1A13CAD2} = {F8A887B0-61DB-46C3-950D-59D6ED8B8848}
		{9B2BB2E3-602A-4A98-90F0-D3427994313D} = {945626C6-BD3E-491E-8A5F-553A1A13CAD2}
		{C672099B-5E0C-4129-9D36-C261A4CC97B1} = {945626C6-BD3E-491E-8A5F-553A1A13CAD2}
		{3F9168A7-548F-4B4A-BA2D-17376FAD6F48} = {945626C6-BD3E-491E-8A5F-553A1A13CAD2}
		{706C4BA1-CD82-4AA5-8FD7-DE963327CF34} = {945626C6-BD3E-491E-8A5F-553A1A13CAD2}
		{C012758A-1B8A-4152-83FF-F9B086EE858E} = {9B2BB2E3-602A-4A98-90F0-D3427994313D}
		{4BCA2EB6-2552-4FDF-96D0-3FEE6B454B50} = {C672099B-5E0C-4129-9D36-C261A4CC97B1}
		{BA268A1C-A9B3-4C23-B8B6-D87E973A915D} = {3F9168A7-548F-4B4A-BA2D-17376FAD6F48}
		{77D76B36-2B84-4EDD-8F88-2DFE22BB72CF} = {706C4BA1-CD82-4AA5-8FD7-DE963327CF34}
		{FFE78071-F406-47DA-96F5-58B93FFA878E} = {F8A887B0-61DB-46C3-950D-59D6ED8B8848}
		{5E31C3E7-E8A6-44BE-A22C-5D428C8EF751} = {FFE78071-F406-47DA-96F5-58B93FFA878E}
		{6D7329FF-BC4B-4087-B7A7-FA4679F2E806} = {FFE78071-F406-47DA-96F5-58B93FFA878E}
		{BA51D0C4-E2D0-4622-A010-CAC5FED9B3D9} = {FFE78071-F406-47DA-96F5-58B93FFA878E}
		{1A508C6E-E340-45C5-BE6C-89B361E00DC1} = {FFE78071-F406-47DA-96F5-58B93FFA878E}
		{6A1EF0CF-B205-4892-AB44-96962C4D1D79} = {5E31C3E7-E8A6-44BE-A22C-5D428C8EF751}
		{ABCCEC8D-0B3E-4558-8CA9-75A050FE0414} = {6D7329FF-BC4B-4087-B7A7-FA4679F2E806}
		{2D03F622-2A14-4FEB-9424-846B50429E48} = {BA51D0C4-E2D0-4622-A010-CAC5FED9B3D9}
		{DAE10C81-4984-476D-9607-74E8F9A3F041} = {1A508C6E-E340-45C5-BE6C-89B361E00DC1}
	EndGlobalSection
	GlobalSection(ExtensibilityGlobals) = postSolution
		SolutionGuid = {FBB92026-4CCD-4C94-BE51-55D4BDD943B7}
	EndGlobalSection
EndGlobal
